
Microsoft Visual Studio Solution File, Format Version 12.00
# Visual Studio Version 16
VisualStudioVersion = 16.0.28803.352
MinimumVisualStudioVersion = 10.0.40219.1
Project("{FAE04EC0-301F-11D3-BF4B-00C04F79EFBC}") = "Steganography", "Steganography\Steganography.csproj", "{D37E8416-EAD3-4F51-A77F-10FCF077DA94}"
EndProject
Global
	GlobalSection(SolutionConfigurationPlatforms) = preSolution
		Debug|Any CPU = Debug|Any CPU
		Release|Any CPU = Release|Any CPU
	EndGlobalSection
	GlobalSection(ProjectConfigurationPlatforms) = postSolution
		{D37E8416-EAD3-4F51-A77F-10FCF077DA94}.Debug|Any CPU.ActiveCfg = Debug|Any CPU
		{D37E8416-EAD3-4F51-A77F-10FCF077DA94}.Debug|Any CPU.Build.0 = Debug|Any CPU
		{D37E8416-EAD3-4F51-A77F-10FCF077DA94}.Release|Any CPU.ActiveCfg = Release|Any CPU
		{D37E8416-EAD3-4F51-A77F-10FCF077DA94}.Release|Any CPU.Build.0 = Release|Any CPU
	EndGlobalSection
	GlobalSection(SolutionProperties) = preSolution
		HideSolutionNode = FALSE
	EndGlobalSection
	GlobalSection(ExtensibilityGlobals) = postSolution
		SolutionGuid = {F7D51C57-C695-4912-BB68-9792ADD6C970}
	EndGlobalSection
EndGlobal
